
Microsoft Visual Studio Solution File, Format Version 12.00
# Visual Studio Version 17
VisualStudioVersion = 17.4.33122.133
MinimumVisualStudioVersion = 10.0.40219.1
Project("{FAE04EC0-301F-11D3-BF4B-00C04F79EFBC}") = "Test", "Test\Test.csproj", "{FF598506-BEA2-492D-BC2E-F3B7E285D374}"
EndProject
Project("{FAE04EC0-301F-11D3-BF4B-00C04F79EFBC}") = "DAL.Test", "DAL.Test\DAL.Test.csproj", "{869521DA-B80B-4352-80FF-EE817D7877A8}"
EndProject
Project("{FAE04EC0-301F-11D3-BF4B-00C04F79EFBC}") = "Domain.Test", "Domain.Test\Domain.Test.csproj", "{9DECD716-C99B-4CAD-A6ED-20A9A210029E}"
EndProject
Global
	GlobalSection(SolutionConfigurationPlatforms) = preSolution
		Debug|Any CPU = Debug|Any CPU
		Release|Any CPU = Release|Any CPU
	EndGlobalSection
	GlobalSection(ProjectConfigurationPlatforms) = postSolution
		{FF598506-BEA2-492D-BC2E-F3B7E285D374}.Debug|Any CPU.ActiveCfg = Debug|Any CPU
		{FF598506-BEA2-492D-BC2E-F3B7E285D374}.Debug|Any CPU.Build.0 = Debug|Any CPU
		{FF598506-BEA2-492D-BC2E-F3B7E285D374}.Release|Any CPU.ActiveCfg = Release|Any CPU
		{FF598506-BEA2-492D-BC2E-F3B7E285D374}.Release|Any CPU.Build.0 = Release|Any CPU
		{869521DA-B80B-4352-80FF-EE817D7877A8}.Debug|Any CPU.ActiveCfg = Debug|Any CPU
		{869521DA-B80B-4352-80FF-EE817D7877A8}.Debug|Any CPU.Build.0 = Debug|Any CPU
		{869521DA-B80B-4352-80FF-EE817D7877A8}.Release|Any CPU.ActiveCfg = Release|Any CPU
		{869521DA-B80B-4352-80FF-EE817D7877A8}.Release|Any CPU.Build.0 = Release|Any CPU
		{9DECD716-C99B-4CAD-A6ED-20A9A210029E}.Debug|Any CPU.ActiveCfg = Debug|Any CPU
		{9DECD716-C99B-4CAD-A6ED-20A9A210029E}.Debug|Any CPU.Build.0 = Debug|Any CPU
		{9DECD716-C99B-4CAD-A6ED-20A9A210029E}.Release|Any CPU.ActiveCfg = Release|Any CPU
		{9DECD716-C99B-4CAD-A6ED-20A9A210029E}.Release|Any CPU.Build.0 = Release|Any CPU
	EndGlobalSection
	GlobalSection(SolutionProperties) = preSolution
		HideSolutionNode = FALSE
	EndGlobalSection
	GlobalSection(ExtensibilityGlobals) = postSolution
		SolutionGuid = {A608BCCF-D7BA-4ED0-8148-66EBCA5EDB4B}
	EndGlobalSection
EndGlobal
